
Microsoft Visual Studio Solution File, Format Version 12.00
# Visual Studio Version 17
VisualStudioVersion = 17.9.34321.82
MinimumVisualStudioVersion = 10.0.40219.1
Project("{9A19103F-16F7-4668-BE54-9A1E7A4F7556}") = "JOAT.Kafka.RatingsConsumer", "JOAT.Kafka.Consumer\JOAT.Kafka.RatingsConsumer.csproj", "{74B4D241-A30A-42BD-A2FD-000FDC0293D9}"
EndProject
Project("{9A19103F-16F7-4668-BE54-9A1E7A4F7556}") = "JOAT.Kafka.Domain", "JOAT.Kafka.Domain\JOAT.Kafka.Domain.csproj", "{5F100DDA-62CD-4276-9DBC-BD90BF26CC50}"
EndProject
Project("{9A19103F-16F7-4668-BE54-9A1E7A4F7556}") = "JOAT.Kafka.RatingsProducer", "JOAT.Kafka.Producer\JOAT.Kafka.RatingsProducer.csproj", "{A76F87D9-B6B9-438C-98FC-AA922658817A}"
EndProject
Project("{9A19103F-16F7-4668-BE54-9A1E7A4F7556}") = "JOAT.IFPA.ApiClient", "JOAT.IFPA.ApiClient\JOAT.IFPA.ApiClient.csproj", "{2E97618E-D4C3-40E9-B956-AD2FEA15CF63}"
EndProject
Project("{9A19103F-16F7-4668-BE54-9A1E7A4F7556}") = "JOAT.Data", "JOAT.Data\JOAT.Data.csproj", "{0C17D6EF-21FF-4EBD-8C78-9F1150425599}"
EndProject
Project("{00D1A9C2-B5F0-4AF3-8072-F6C62B433612}") = "JOAT.Database", "JOAT.Database\JOAT.Database.sqlproj", "{35E7E93F-5478-45F0-84FD-D87F2E804998}"
EndProject
Project("{2150E333-8FDC-42A3-9474-1A3956D46DE8}") = "Solution Items", "Solution Items", "{7C979878-1DD0-46C1-A452-F326DB5F412F}"
	ProjectSection(SolutionItems) = preProject
		..\Confluent1.png = ..\Confluent1.png
		..\Confluent2.png = ..\Confluent2.png
		..\IFPAPostman.png = ..\IFPAPostman.png
		..\Readme.md = ..\Readme.md
		..\Sql.png = ..\Sql.png
	EndProjectSection
EndProject
Project("{E53339B2-1760-4266-BCC7-CA923CBCF16C}") = "docker-compose", "docker-compose.dcproj", "{B1773B60-6BCB-40F5-A826-DACC6BB072A0}"
EndProject
Global
	GlobalSection(SolutionConfigurationPlatforms) = preSolution
		Debug|Any CPU = Debug|Any CPU
		Release|Any CPU = Release|Any CPU
	EndGlobalSection
	GlobalSection(ProjectConfigurationPlatforms) = postSolution
		{74B4D241-A30A-42BD-A2FD-000FDC0293D9}.Debug|Any CPU.ActiveCfg = Debug|Any CPU
		{74B4D241-A30A-42BD-A2FD-000FDC0293D9}.Debug|Any CPU.Build.0 = Debug|Any CPU
		{74B4D241-A30A-42BD-A2FD-000FDC0293D9}.Release|Any CPU.ActiveCfg = Release|Any CPU
		{74B4D241-A30A-42BD-A2FD-000FDC0293D9}.Release|Any CPU.Build.0 = Release|Any CPU
		{5F100DDA-62CD-4276-9DBC-BD90BF26CC50}.Debug|Any CPU.ActiveCfg = Debug|Any CPU
		{5F100DDA-62CD-4276-9DBC-BD90BF26CC50}.Debug|Any CPU.Build.0 = Debug|Any CPU
		{5F100DDA-62CD-4276-9DBC-BD90BF26CC50}.Release|Any CPU.ActiveCfg = Release|Any CPU
		{5F100DDA-62CD-4276-9DBC-BD90BF26CC50}.Release|Any CPU.Build.0 = Release|Any CPU
		{A76F87D9-B6B9-438C-98FC-AA922658817A}.Debug|Any CPU.ActiveCfg = Debug|Any CPU
		{A76F87D9-B6B9-438C-98FC-AA922658817A}.Debug|Any CPU.Build.0 = Debug|Any CPU
		{A76F87D9-B6B9-438C-98FC-AA922658817A}.Release|Any CPU.ActiveCfg = Release|Any CPU
		{A76F87D9-B6B9-438C-98FC-AA922658817A}.Release|Any CPU.Build.0 = Release|Any CPU
		{2E97618E-D4C3-40E9-B956-AD2FEA15CF63}.Debug|Any CPU.ActiveCfg = Debug|Any CPU
		{2E97618E-D4C3-40E9-B956-AD2FEA15CF63}.Debug|Any CPU.Build.0 = Debug|Any CPU
		{2E97618E-D4C3-40E9-B956-AD2FEA15CF63}.Release|Any CPU.ActiveCfg = Release|Any CPU
		{2E97618E-D4C3-40E9-B956-AD2FEA15CF63}.Release|Any CPU.Build.0 = Release|Any CPU
		{0C17D6EF-21FF-4EBD-8C78-9F1150425599}.Debug|Any CPU.ActiveCfg = Debug|Any CPU
		{0C17D6EF-21FF-4EBD-8C78-9F1150425599}.Debug|Any CPU.Build.0 = Debug|Any CPU
		{0C17D6EF-21FF-4EBD-8C78-9F1150425599}.Release|Any CPU.ActiveCfg = Release|Any CPU
		{0C17D6EF-21FF-4EBD-8C78-9F1150425599}.Release|Any CPU.Build.0 = Release|Any CPU
		{35E7E93F-5478-45F0-84FD-D87F2E804998}.Debug|Any CPU.ActiveCfg = Debug|Any CPU
		{35E7E93F-5478-45F0-84FD-D87F2E804998}.Debug|Any CPU.Build.0 = Debug|Any CPU
		{35E7E93F-5478-45F0-84FD-D87F2E804998}.Debug|Any CPU.Deploy.0 = Debug|Any CPU
		{35E7E93F-5478-45F0-84FD-D87F2E804998}.Release|Any CPU.ActiveCfg = Release|Any CPU
		{35E7E93F-5478-45F0-84FD-D87F2E804998}.Release|Any CPU.Build.0 = Release|Any CPU
		{35E7E93F-5478-45F0-84FD-D87F2E804998}.Release|Any CPU.Deploy.0 = Release|Any CPU
		{B1773B60-6BCB-40F5-A826-DACC6BB072A0}.Debug|Any CPU.ActiveCfg = Debug|Any CPU
		{B1773B60-6BCB-40F5-A826-DACC6BB072A0}.Debug|Any CPU.Build.0 = Debug|Any CPU
		{B1773B60-6BCB-40F5-A826-DACC6BB072A0}.Release|Any CPU.ActiveCfg = Release|Any CPU
		{B1773B60-6BCB-40F5-A826-DACC6BB072A0}.Release|Any CPU.Build.0 = Release|Any CPU
	EndGlobalSection
	GlobalSection(SolutionProperties) = preSolution
		HideSolutionNode = FALSE
	EndGlobalSection
	GlobalSection(ExtensibilityGlobals) = postSolution
		SolutionGuid = {CFE366B6-3868-4C55-87C9-D349B20F9789}
	EndGlobalSection
EndGlobal
